
Microsoft Visual Studio Solution File, Format Version 12.00
# Visual Studio Version 17
VisualStudioVersion = 17.2.32630.192
MinimumVisualStudioVersion = 10.0.40219.1
Project("{FAE04EC0-301F-11D3-BF4B-00C04F79EFBC}") = "AiryBot", "AiryBot\AiryBot.csproj", "{AB1E248E-A9A2-4EEF-A917-F96CDD9AB5FE}"
EndProject
Global
	GlobalSection(SolutionConfigurationPlatforms) = preSolution
		Debug|Any CPU = Debug|Any CPU
		Release|Any CPU = Release|Any CPU
	EndGlobalSection
	GlobalSection(ProjectConfigurationPlatforms) = postSolution
		{AB1E248E-A9A2-4EEF-A917-F96CDD9AB5FE}.Debug|Any CPU.ActiveCfg = Debug|Any CPU
		{AB1E248E-A9A2-4EEF-A917-F96CDD9AB5FE}.Debug|Any CPU.Build.0 = Debug|Any CPU
		{AB1E248E-A9A2-4EEF-A917-F96CDD9AB5FE}.Release|Any CPU.ActiveCfg = Release|Any CPU
		{AB1E248E-A9A2-4EEF-A917-F96CDD9AB5FE}.Release|Any CPU.Build.0 = Release|Any CPU
	EndGlobalSection
	GlobalSection(SolutionProperties) = preSolution
		HideSolutionNode = FALSE
	EndGlobalSection
	GlobalSection(ExtensibilityGlobals) = postSolution
		SolutionGuid = {EF0E3598-8665-40FA-A457-49DDDFE061D5}
	EndGlobalSection
EndGlobal
